
Microsoft Visual Studio Solution File, Format Version 12.00
# Visual Studio Version 17
VisualStudioVersion = 17.3.32804.467
MinimumVisualStudioVersion = 10.0.40219.1
Project("{FAE04EC0-301F-11D3-BF4B-00C04F79EFBC}") = "OA SMS", "OA SMS\OA SMS.csproj", "{4B0287D7-4493-4FE9-8A06-4BE3E08179DE}"
EndProject
Global
	GlobalSection(SolutionConfigurationPlatforms) = preSolution
		Debug|Any CPU = Debug|Any CPU
		Release|Any CPU = Release|Any CPU
	EndGlobalSection
	GlobalSection(ProjectConfigurationPlatforms) = postSolution
		{4B0287D7-4493-4FE9-8A06-4BE3E08179DE}.Debug|Any CPU.ActiveCfg = Debug|Any CPU
		{4B0287D7-4493-4FE9-8A06-4BE3E08179DE}.Debug|Any CPU.Build.0 = Debug|Any CPU
		{4B0287D7-4493-4FE9-8A06-4BE3E08179DE}.Release|Any CPU.ActiveCfg = Release|Any CPU
		{4B0287D7-4493-4FE9-8A06-4BE3E08179DE}.Release|Any CPU.Build.0 = Release|Any CPU
	EndGlobalSection
	GlobalSection(SolutionProperties) = preSolution
		HideSolutionNode = FALSE
	EndGlobalSection
	GlobalSection(ExtensibilityGlobals) = postSolution
		SolutionGuid = {7A6DBC8D-D7C2-40C8-BDE7-DD9C2F94B9FD}
	EndGlobalSection
EndGlobal
